
Microsoft Visual Studio Solution File, Format Version 12.00
# Visual Studio Version 17
VisualStudioVersion = 17.11.35208.52
MinimumVisualStudioVersion = 10.0.40219.1
Project("{FAE04EC0-301F-11D3-BF4B-00C04F79EFBC}") = "Paymeny Gateway Integration", "Paymeny Gateway Integration.csproj", "{C4F3D99C-90C0-4E01-A654-659A306B34A0}"
EndProject
Global
	GlobalSection(SolutionConfigurationPlatforms) = preSolution
		Debug|Any CPU = Debug|Any CPU
		Release|Any CPU = Release|Any CPU
	EndGlobalSection
	GlobalSection(ProjectConfigurationPlatforms) = postSolution
		{C4F3D99C-90C0-4E01-A654-659A306B34A0}.Debug|Any CPU.ActiveCfg = Debug|Any CPU
		{C4F3D99C-90C0-4E01-A654-659A306B34A0}.Debug|Any CPU.Build.0 = Debug|Any CPU
		{C4F3D99C-90C0-4E01-A654-659A306B34A0}.Release|Any CPU.ActiveCfg = Release|Any CPU
		{C4F3D99C-90C0-4E01-A654-659A306B34A0}.Release|Any CPU.Build.0 = Release|Any CPU
	EndGlobalSection
	GlobalSection(SolutionProperties) = preSolution
		HideSolutionNode = FALSE
	EndGlobalSection
	GlobalSection(ExtensibilityGlobals) = postSolution
		SolutionGuid = {1516812D-AEC3-40E1-BA5A-F0A78F3C38C4}
	EndGlobalSection
EndGlobal
